
Microsoft Visual Studio Solution File, Format Version 12.00
# Visual Studio Version 17
VisualStudioVersion = 17.4.33213.308
MinimumVisualStudioVersion = 10.0.40219.1
Project("{FAE04EC0-301F-11D3-BF4B-00C04F79EFBC}") = "notebook", "notebook.csproj", "{AF66B360-7093-47A3-B95F-C08A26F4D6CB}"
EndProject
Global
	GlobalSection(SolutionConfigurationPlatforms) = preSolution
		Debug|Any CPU = Debug|Any CPU
		Release|Any CPU = Release|Any CPU
	EndGlobalSection
	GlobalSection(ProjectConfigurationPlatforms) = postSolution
		{AF66B360-7093-47A3-B95F-C08A26F4D6CB}.Debug|Any CPU.ActiveCfg = Debug|Any CPU
		{AF66B360-7093-47A3-B95F-C08A26F4D6CB}.Debug|Any CPU.Build.0 = Debug|Any CPU
		{AF66B360-7093-47A3-B95F-C08A26F4D6CB}.Release|Any CPU.ActiveCfg = Release|Any CPU
		{AF66B360-7093-47A3-B95F-C08A26F4D6CB}.Release|Any CPU.Build.0 = Release|Any CPU
	EndGlobalSection
	GlobalSection(SolutionProperties) = preSolution
		HideSolutionNode = FALSE
	EndGlobalSection
	GlobalSection(ExtensibilityGlobals) = postSolution
		SolutionGuid = {54886AFA-1934-45C8-A450-F8D3D3285D1F}
	EndGlobalSection
EndGlobal
